
Microsoft Visual Studio Solution File, Format Version 11.00
# Visual Studio 2010
Project("{8BC9CEB8-8B4A-11D0-8D11-00A0C91BC942}") = "Lesson1a", "Lesson1a\Lesson1a.vcxproj", "{6671F0BA-6FB8-4F35-8392-0676D05113A8}"
EndProject
Project("{8BC9CEB8-8B4A-11D0-8D11-00A0C91BC942}") = "Lesson1b", "Lesson1b\Lesson1b.vcxproj", "{830348B9-1D57-46DA-AC32-A71DF58760B1}"
EndProject
Project("{8BC9CEB8-8B4A-11D0-8D11-00A0C91BC942}") = "Lesson3", "Lesson3\Lesson3.vcxproj", "{1B1BBFDD-64DF-422D-9418-0FBA22D554F8}"
EndProject
Project("{8BC9CEB8-8B4A-11D0-8D11-00A0C91BC942}") = "Lesson4a", "Lesson4a\Lesson4a.vcxproj", "{6BF7642F-62C2-4AD3-89D1-2680EDB9C917}"
EndProject
Project("{8BC9CEB8-8B4A-11D0-8D11-00A0C91BC942}") = "Lesson4b", "Lesson4b\Lesson4b.vcxproj", "{C4385227-A23F-4873-823C-7B1F66F6EA03}"
EndProject
Project("{8BC9CEB8-8B4A-11D0-8D11-00A0C91BC942}") = "Lesson5a", "Lesson5a\Lesson5a.vcxproj", "{35FD8A83-F19D-4209-9E4E-EFFF3480EECB}"
EndProject
Project("{8BC9CEB8-8B4A-11D0-8D11-00A0C91BC942}") = "Lesson5b", "Lesson5b\Lesson5b.vcxproj", "{8DA29048-1233-4CFF-BAC4-8B2C8F5E1EE9}"
EndProject
Project("{8BC9CEB8-8B4A-11D0-8D11-00A0C91BC942}") = "Lesson2", "Lesson2\Lesson2.vcxproj", "{E7CB76AA-6113-46BA-8EBC-8AE1D2B81210}"
EndProject
Project("{8BC9CEB8-8B4A-11D0-8D11-00A0C91BC942}") = "Lesson6", "Lesson6\Lesson6.vcxproj", "{7AD9EFD2-1500-4EA9-AB64-4B068AD287B9}"
EndProject
Global
	GlobalSection(SolutionConfigurationPlatforms) = preSolution
		Debug|Win32 = Debug|Win32
		Debug|x64 = Debug|x64
		DebugUnicode|Win32 = DebugUnicode|Win32
		DebugUnicode|x64 = DebugUnicode|x64
		Hybrid|Win32 = Hybrid|Win32
		Hybrid|x64 = Hybrid|x64
		HybridUnicode|Win32 = HybridUnicode|Win32
		HybridUnicode|x64 = HybridUnicode|x64
		Release|Win32 = Release|Win32
		Release|x64 = Release|x64
		ReleaseUnicode|Win32 = ReleaseUnicode|Win32
		ReleaseUnicode|x64 = ReleaseUnicode|x64
	EndGlobalSection
	GlobalSection(ProjectConfigurationPlatforms) = postSolution
		{6671F0BA-6FB8-4F35-8392-0676D05113A8}.Debug|Win32.ActiveCfg = Debug|Win32
		{6671F0BA-6FB8-4F35-8392-0676D05113A8}.Debug|Win32.Build.0 = Debug|Win32
		{6671F0BA-6FB8-4F35-8392-0676D05113A8}.Debug|x64.ActiveCfg = Debug|x64
		{6671F0BA-6FB8-4F35-8392-0676D05113A8}.Debug|x64.Build.0 = Debug|x64
		{6671F0BA-6FB8-4F35-8392-0676D05113A8}.DebugUnicode|Win32.ActiveCfg = DebugUnicode|Win32
		{6671F0BA-6FB8-4F35-8392-0676D05113A8}.DebugUnicode|Win32.Build.0 = DebugUnicode|Win32
		{6671F0BA-6FB8-4F35-8392-0676D05113A8}.DebugUnicode|x64.ActiveCfg = DebugUnicode|x64
		{6671F0BA-6FB8-4F35-8392-0676D05113A8}.DebugUnicode|x64.Build.0 = DebugUnicode|x64
		{6671F0BA-6FB8-4F35-8392-0676D05113A8}.Hybrid|Win32.ActiveCfg = Hybrid|Win32
		{6671F0BA-6FB8-4F35-8392-0676D05113A8}.Hybrid|Win32.Build.0 = Hybrid|Win32
		{6671F0BA-6FB8-4F35-8392-0676D05113A8}.Hybrid|x64.ActiveCfg = Hybrid|x64
		{6671F0BA-6FB8-4F35-8392-0676D05113A8}.Hybrid|x64.Build.0 = Hybrid|x64
		{6671F0BA-6FB8-4F35-8392-0676D05113A8}.HybridUnicode|Win32.ActiveCfg = HybridUnicode|Win32
		{6671F0BA-6FB8-4F35-8392-0676D05113A8}.HybridUnicode|Win32.Build.0 = HybridUnicode|Win32
		{6671F0BA-6FB8-4F35-8392-0676D05113A8}.HybridUnicode|x64.ActiveCfg = HybridUnicode|x64
		{6671F0BA-6FB8-4F35-8392-0676D05113A8}.HybridUnicode|x64.Build.0 = HybridUnicode|x64
		{6671F0BA-6FB8-4F35-8392-0676D05113A8}.Release|Win32.ActiveCfg = Release|Win32
		{6671F0BA-6FB8-4F35-8392-0676D05113A8}.Release|Win32.Build.0 = Release|Win32
		{6671F0BA-6FB8-4F35-8392-0676D05113A8}.Release|x64.ActiveCfg = Release|x64
		{6671F0BA-6FB8-4F35-8392-0676D05113A8}.Release|x64.Build.0 = Release|x64
		{6671F0BA-6FB8-4F35-8392-0676D05113A8}.ReleaseUnicode|Win32.ActiveCfg = ReleaseUnicode|Win32
		{6671F0BA-6FB8-4F35-8392-0676D05113A8}.ReleaseUnicode|Win32.Build.0 = ReleaseUnicode|Win32
		{6671F0BA-6FB8-4F35-8392-0676D05113A8}.ReleaseUnicode|x64.ActiveCfg = ReleaseUnicode|x64
		{6671F0BA-6FB8-4F35-8392-0676D05113A8}.ReleaseUnicode|x64.Build.0 = ReleaseUnicode|x64
		{830348B9-1D57-46DA-AC32-A71DF58760B1}.Debug|Win32.ActiveCfg = Debug|Win32
		{830348B9-1D57-46DA-AC32-A71DF58760B1}.Debug|Win32.Build.0 = Debug|Win32
		{830348B9-1D57-46DA-AC32-A71DF58760B1}.Debug|x64.ActiveCfg = Debug|Win32
		{830348B9-1D57-46DA-AC32-A71DF58760B1}.DebugUnicode|Win32.ActiveCfg = Debug|Win32
		{830348B9-1D57-46DA-AC32-A71DF58760B1}.DebugUnicode|Win32.Build.0 = Debug|Win32
		{830348B9-1D57-46DA-AC32-A71DF58760B1}.DebugUnicode|x64.ActiveCfg = Debug|Win32
		{830348B9-1D57-46DA-AC32-A71DF58760B1}.Hybrid|Win32.ActiveCfg = Release|Win32
		{830348B9-1D57-46DA-AC32-A71DF58760B1}.Hybrid|Win32.Build.0 = Release|Win32
		{830348B9-1D57-46DA-AC32-A71DF58760B1}.Hybrid|x64.ActiveCfg = Release|Win32
		{830348B9-1D57-46DA-AC32-A71DF58760B1}.HybridUnicode|Win32.ActiveCfg = Release|Win32
		{830348B9-1D57-46DA-AC32-A71DF58760B1}.HybridUnicode|Win32.Build.0 = Release|Win32
		{830348B9-1D57-46DA-AC32-A71DF58760B1}.HybridUnicode|x64.ActiveCfg = Release|Win32
		{830348B9-1D57-46DA-AC32-A71DF58760B1}.Release|Win32.ActiveCfg = Release|Win32
		{830348B9-1D57-46DA-AC32-A71DF58760B1}.Release|Win32.Build.0 = Release|Win32
		{830348B9-1D57-46DA-AC32-A71DF58760B1}.Release|x64.ActiveCfg = Release|Win32
		{830348B9-1D57-46DA-AC32-A71DF58760B1}.ReleaseUnicode|Win32.ActiveCfg = Release|Win32
		{830348B9-1D57-46DA-AC32-A71DF58760B1}.ReleaseUnicode|Win32.Build.0 = Release|Win32
		{830348B9-1D57-46DA-AC32-A71DF58760B1}.ReleaseUnicode|x64.ActiveCfg = Release|Win32
		{1B1BBFDD-64DF-422D-9418-0FBA22D554F8}.Debug|Win32.ActiveCfg = Debug|Win32
		{1B1BBFDD-64DF-422D-9418-0FBA22D554F8}.Debug|Win32.Build.0 = Debug|Win32
		{1B1BBFDD-64DF-422D-9418-0FBA22D554F8}.Debug|x64.ActiveCfg = Debug|x64
		{1B1BBFDD-64DF-422D-9418-0FBA22D554F8}.Debug|x64.Build.0 = Debug|x64
		{1B1BBFDD-64DF-422D-9418-0FBA22D554F8}.DebugUnicode|Win32.ActiveCfg = DebugUnicode|Win32
		{1B1BBFDD-64DF-422D-9418-0FBA22D554F8}.DebugUnicode|Win32.Build.0 = DebugUnicode|Win32
		{1B1BBFDD-64DF-422D-9418-0FBA22D554F8}.DebugUnicode|x64.ActiveCfg = DebugUnicode|x64
		{1B1BBFDD-64DF-422D-9418-0FBA22D554F8}.DebugUnicode|x64.Build.0 = DebugUnicode|x64
		{1B1BBFDD-64DF-422D-9418-0FBA22D554F8}.Hybrid|Win32.ActiveCfg = Hybrid|Win32
		{1B1BBFDD-64DF-422D-9418-0FBA22D554F8}.Hybrid|Win32.Build.0 = Hybrid|Win32
		{1B1BBFDD-64DF-422D-9418-0FBA22D554F8}.Hybrid|x64.ActiveCfg = Hybrid|x64
		{1B1BBFDD-64DF-422D-9418-0FBA22D554F8}.Hybrid|x64.Build.0 = Hybrid|x64
		{1B1BBFDD-64DF-422D-9418-0FBA22D554F8}.HybridUnicode|Win32.ActiveCfg = HybridUnicode|Win32
		{1B1BBFDD-64DF-422D-9418-0FBA22D554F8}.HybridUnicode|Win32.Build.0 = HybridUnicode|Win32
		{1B1BBFDD-64DF-422D-9418-0FBA22D554F8}.HybridUnicode|x64.ActiveCfg = HybridUnicode|x64
		{1B1BBFDD-64DF-422D-9418-0FBA22D554F8}.HybridUnicode|x64.Build.0 = HybridUnicode|x64
		{1B1BBFDD-64DF-422D-9418-0FBA22D554F8}.Release|Win32.ActiveCfg = Release|Win32
		{1B1BBFDD-64DF-422D-9418-0FBA22D554F8}.Release|Win32.Build.0 = Release|Win32
		{1B1BBFDD-64DF-422D-9418-0FBA22D554F8}.Release|x64.ActiveCfg = Release|x64
		{1B1BBFDD-64DF-422D-9418-0FBA22D554F8}.Release|x64.Build.0 = Release|x64
		{1B1BBFDD-64DF-422D-9418-0FBA22D554F8}.ReleaseUnicode|Win32.ActiveCfg = ReleaseUnicode|Win32
		{1B1BBFDD-64DF-422D-9418-0FBA22D554F8}.ReleaseUnicode|Win32.Build.0 = ReleaseUnicode|Win32
		{1B1BBFDD-64DF-422D-9418-0FBA22D554F8}.ReleaseUnicode|x64.ActiveCfg = ReleaseUnicode|x64
		{1B1BBFDD-64DF-422D-9418-0FBA22D554F8}.ReleaseUnicode|x64.Build.0 = ReleaseUnicode|x64
		{6BF7642F-62C2-4AD3-89D1-2680EDB9C917}.Debug|Win32.ActiveCfg = Debug|Win32
		{6BF7642F-62C2-4AD3-89D1-2680EDB9C917}.Debug|Win32.Build.0 = Debug|Win32
		{6BF7642F-62C2-4AD3-89D1-2680EDB9C917}.Debug|x64.ActiveCfg = Debug|x64
		{6BF7642F-62C2-4AD3-89D1-2680EDB9C917}.Debug|x64.Build.0 = Debug|x64
		{6BF7642F-62C2-4AD3-89D1-2680EDB9C917}.DebugUnicode|Win32.ActiveCfg = DebugUnicode|Win32
		{6BF7642F-62C2-4AD3-89D1-2680EDB9C917}.DebugUnicode|Win32.Build.0 = DebugUnicode|Win32
		{6BF7642F-62C2-4AD3-89D1-2680EDB9C917}.DebugUnicode|x64.ActiveCfg = DebugUnicode|x64
		{6BF7642F-62C2-4AD3-89D1-2680EDB9C917}.DebugUnicode|x64.Build.0 = DebugUnicode|x64
		{6BF7642F-62C2-4AD3-89D1-2680EDB9C917}.Hybrid|Win32.ActiveCfg = Hybrid|Win32
		{6BF7642F-62C2-4AD3-89D1-2680EDB9C917}.Hybrid|Win32.Build.0 = Hybrid|Win32
		{6BF7642F-62C2-4AD3-89D1-2680EDB9C917}.Hybrid|x64.ActiveCfg = Hybrid|x64
		{6BF7642F-62C2-4AD3-89D1-2680EDB9C917}.Hybrid|x64.Build.0 = Hybrid|x64
		{6BF7642F-62C2-4AD3-89D1-2680EDB9C917}.HybridUnicode|Win32.ActiveCfg = HybridUnicode|Win32
		{6BF7642F-62C2-4AD3-89D1-2680EDB9C917}.HybridUnicode|Win32.Build.0 = HybridUnicode|Win32
		{6BF7642F-62C2-4AD3-89D1-2680EDB9C917}.HybridUnicode|x64.ActiveCfg = HybridUnicode|x64
		{6BF7642F-62C2-4AD3-89D1-2680EDB9C917}.HybridUnicode|x64.Build.0 = HybridUnicode|x64
		{6BF7642F-62C2-4AD3-89D1-2680EDB9C917}.Release|Win32.ActiveCfg = Release|Win32
		{6BF7642F-62C2-4AD3-89D1-2680EDB9C917}.Release|Win32.Build.0 = Release|Win32
		{6BF7642F-62C2-4AD3-89D1-2680EDB9C917}.Release|x64.ActiveCfg = Release|x64
		{6BF7642F-62C2-4AD3-89D1-2680EDB9C917}.Release|x64.Build.0 = Release|x64
		{6BF7642F-62C2-4AD3-89D1-2680EDB9C917}.ReleaseUnicode|Win32.ActiveCfg = ReleaseUnicode|Win32
		{6BF7642F-62C2-4AD3-89D1-2680EDB9C917}.ReleaseUnicode|Win32.Build.0 = ReleaseUnicode|Win32
		{6BF7642F-62C2-4AD3-89D1-2680EDB9C917}.ReleaseUnicode|x64.ActiveCfg = ReleaseUnicode|x64
		{6BF7642F-62C2-4AD3-89D1-2680EDB9C917}.ReleaseUnicode|x64.Build.0 = ReleaseUnicode|x64
		{C4385227-A23F-4873-823C-7B1F66F6EA03}.Debug|Win32.ActiveCfg = Debug|Win32
		{C4385227-A23F-4873-823C-7B1F66F6EA03}.Debug|Win32.Build.0 = Debug|Win32
		{C4385227-A23F-4873-823C-7B1F66F6EA03}.Debug|x64.ActiveCfg = Debug|x64
		{C4385227-A23F-4873-823C-7B1F66F6EA03}.Debug|x64.Build.0 = Debug|x64
		{C4385227-A23F-4873-823C-7B1F66F6EA03}.DebugUnicode|Win32.ActiveCfg = DebugUnicode|Win32
		{C4385227-A23F-4873-823C-7B1F66F6EA03}.DebugUnicode|Win32.Build.0 = DebugUnicode|Win32
		{C4385227-A23F-4873-823C-7B1F66F6EA03}.DebugUnicode|x64.ActiveCfg = DebugUnicode|x64
		{C4385227-A23F-4873-823C-7B1F66F6EA03}.DebugUnicode|x64.Build.0 = DebugUnicode|x64
		{C4385227-A23F-4873-823C-7B1F66F6EA03}.Hybrid|Win32.ActiveCfg = Hybrid|Win32
		{C4385227-A23F-4873-823C-7B1F66F6EA03}.Hybrid|Win32.Build.0 = Hybrid|Win32
		{C4385227-A23F-4873-823C-7B1F66F6EA03}.Hybrid|x64.ActiveCfg = Hybrid|x64
		{C4385227-A23F-4873-823C-7B1F66F6EA03}.Hybrid|x64.Build.0 = Hybrid|x64
		{C4385227-A23F-4873-823C-7B1F66F6EA03}.HybridUnicode|Win32.ActiveCfg = HybridUnicode|Win32
		{C4385227-A23F-4873-823C-7B1F66F6EA03}.HybridUnicode|Win32.Build.0 = HybridUnicode|Win32
		{C4385227-A23F-4873-823C-7B1F66F6EA03}.HybridUnicode|x64.ActiveCfg = HybridUnicode|x64
		{C4385227-A23F-4873-823C-7B1F66F6EA03}.HybridUnicode|x64.Build.0 = HybridUnicode|x64
		{C4385227-A23F-4873-823C-7B1F66F6EA03}.Release|Win32.ActiveCfg = Release|Win32
		{C4385227-A23F-4873-823C-7B1F66F6EA03}.Release|Win32.Build.0 = Release|Win32
		{C4385227-A23F-4873-823C-7B1F66F6EA03}.Release|x64.ActiveCfg = Release|x64
		{C4385227-A23F-4873-823C-7B1F66F6EA03}.Release|x64.Build.0 = Release|x64
		{C4385227-A23F-4873-823C-7B1F66F6EA03}.ReleaseUnicode|Win32.ActiveCfg = ReleaseUnicode|Win32
		{C4385227-A23F-4873-823C-7B1F66F6EA03}.ReleaseUnicode|Win32.Build.0 = ReleaseUnicode|Win32
		{C4385227-A23F-4873-823C-7B1F66F6EA03}.ReleaseUnicode|x64.ActiveCfg = ReleaseUnicode|x64
		{C4385227-A23F-4873-823C-7B1F66F6EA03}.ReleaseUnicode|x64.Build.0 = ReleaseUnicode|x64
		{35FD8A83-F19D-4209-9E4E-EFFF3480EECB}.Debug|Win32.ActiveCfg = Debug|Win32
		{35FD8A83-F19D-4209-9E4E-EFFF3480EECB}.Debug|Win32.Build.0 = Debug|Win32
		{35FD8A83-F19D-4209-9E4E-EFFF3480EECB}.Debug|x64.ActiveCfg = Debug|x64
		{35FD8A83-F19D-4209-9E4E-EFFF3480EECB}.Debug|x64.Build.0 = Debug|x64
		{35FD8A83-F19D-4209-9E4E-EFFF3480EECB}.DebugUnicode|Win32.ActiveCfg = DebugUnicode|Win32
		{35FD8A83-F19D-4209-9E4E-EFFF3480EECB}.DebugUnicode|Win32.Build.0 = DebugUnicode|Win32
		{35FD8A83-F19D-4209-9E4E-EFFF3480EECB}.DebugUnicode|x64.ActiveCfg = DebugUnicode|x64
		{35FD8A83-F19D-4209-9E4E-EFFF3480EECB}.DebugUnicode|x64.Build.0 = DebugUnicode|x64
		{35FD8A83-F19D-4209-9E4E-EFFF3480EECB}.Hybrid|Win32.ActiveCfg = Hybrid|Win32
		{35FD8A83-F19D-4209-9E4E-EFFF3480EECB}.Hybrid|Win32.Build.0 = Hybrid|Win32
		{35FD8A83-F19D-4209-9E4E-EFFF3480EECB}.Hybrid|x64.ActiveCfg = Hybrid|x64
		{35FD8A83-F19D-4209-9E4E-EFFF3480EECB}.Hybrid|x64.Build.0 = Hybrid|x64
		{35FD8A83-F19D-4209-9E4E-EFFF3480EECB}.HybridUnicode|Win32.ActiveCfg = HybridUnicode|Win32
		{35FD8A83-F19D-4209-9E4E-EFFF3480EECB}.HybridUnicode|Win32.Build.0 = HybridUnicode|Win32
		{35FD8A83-F19D-4209-9E4E-EFFF3480EECB}.HybridUnicode|x64.ActiveCfg = HybridUnicode|x64
		{35FD8A83-F19D-4209-9E4E-EFFF3480EECB}.HybridUnicode|x64.Build.0 = HybridUnicode|x64
		{35FD8A83-F19D-4209-9E4E-EFFF3480EECB}.Release|Win32.ActiveCfg = Release|Win32
		{35FD8A83-F19D-4209-9E4E-EFFF3480EECB}.Release|Win32.Build.0 = Release|Win32
		{35FD8A83-F19D-4209-9E4E-EFFF3480EECB}.Release|x64.ActiveCfg = Release|x64
		{35FD8A83-F19D-4209-9E4E-EFFF3480EECB}.Release|x64.Build.0 = Release|x64
		{35FD8A83-F19D-4209-9E4E-EFFF3480EECB}.ReleaseUnicode|Win32.ActiveCfg = ReleaseUnicode|Win32
		{35FD8A83-F19D-4209-9E4E-EFFF3480EECB}.ReleaseUnicode|Win32.Build.0 = ReleaseUnicode|Win32
		{35FD8A83-F19D-4209-9E4E-EFFF3480EECB}.ReleaseUnicode|x64.ActiveCfg = ReleaseUnicode|x64
		{35FD8A83-F19D-4209-9E4E-EFFF3480EECB}.ReleaseUnicode|x64.Build.0 = ReleaseUnicode|x64
		{8DA29048-1233-4CFF-BAC4-8B2C8F5E1EE9}.Debug|Win32.ActiveCfg = Debug|Win32
		{8DA29048-1233-4CFF-BAC4-8B2C8F5E1EE9}.Debug|Win32.Build.0 = Debug|Win32
		{8DA29048-1233-4CFF-BAC4-8B2C8F5E1EE9}.Debug|x64.ActiveCfg = Debug|x64
		{8DA29048-1233-4CFF-BAC4-8B2C8F5E1EE9}.Debug|x64.Build.0 = Debug|x64
		{8DA29048-1233-4CFF-BAC4-8B2C8F5E1EE9}.DebugUnicode|Win32.ActiveCfg = DebugUnicode|Win32
		{8DA29048-1233-4CFF-BAC4-8B2C8F5E1EE9}.DebugUnicode|Win32.Build.0 = DebugUnicode|Win32
		{8DA29048-1233-4CFF-BAC4-8B2C8F5E1EE9}.DebugUnicode|x64.ActiveCfg = DebugUnicode|x64
		{8DA29048-1233-4CFF-BAC4-8B2C8F5E1EE9}.DebugUnicode|x64.Build.0 = DebugUnicode|x64
		{8DA29048-1233-4CFF-BAC4-8B2C8F5E1EE9}.Hybrid|Win32.ActiveCfg = Hybrid|Win32
		{8DA29048-1233-4CFF-BAC4-8B2C8F5E1EE9}.Hybrid|Win32.Build.0 = Hybrid|Win32
		{8DA29048-1233-4CFF-BAC4-8B2C8F5E1EE9}.Hybrid|x64.ActiveCfg = Hybrid|x64
		{8DA29048-1233-4CFF-BAC4-8B2C8F5E1EE9}.Hybrid|x64.Build.0 = Hybrid|x64
		{8DA29048-1233-4CFF-BAC4-8B2C8F5E1EE9}.HybridUnicode|Win32.ActiveCfg = HybridUnicode|Win32
		{8DA29048-1233-4CFF-BAC4-8B2C8F5E1EE9}.HybridUnicode|Win32.Build.0 = HybridUnicode|Win32
		{8DA29048-1233-4CFF-BAC4-8B2C8F5E1EE9}.HybridUnicode|x64.ActiveCfg = HybridUnicode|x64
		{8DA29048-1233-4CFF-BAC4-8B2C8F5E1EE9}.HybridUnicode|x64.Build.0 = HybridUnicode|x64
		{8DA29048-1233-4CFF-BAC4-8B2C8F5E1EE9}.Release|Win32.ActiveCfg = Release|Win32
		{8DA29048-1233-4CFF-BAC4-8B2C8F5E1EE9}.Release|Win32.Build.0 = Release|Win32
		{8DA29048-1233-4CFF-BAC4-8B2C8F5E1EE9}.Release|x64.ActiveCfg = Release|x64
		{8DA29048-1233-4CFF-BAC4-8B2C8F5E1EE9}.Release|x64.Build.0 = Release|x64
		{8DA29048-1233-4CFF-BAC4-8B2C8F5E1EE9}.ReleaseUnicode|Win32.ActiveCfg = ReleaseUnicode|Win32
		{8DA29048-1233-4CFF-BAC4-8B2C8F5E1EE9}.ReleaseUnicode|Win32.Build.0 = ReleaseUnicode|Win32
		{8DA29048-1233-4CFF-BAC4-8B2C8F5E1EE9}.ReleaseUnicode|x64.ActiveCfg = ReleaseUnicode|x64
		{8DA29048-1233-4CFF-BAC4-8B2C8F5E1EE9}.ReleaseUnicode|x64.Build.0 = ReleaseUnicode|x64
		{E7CB76AA-6113-46BA-8EBC-8AE1D2B81210}.Debug|Win32.ActiveCfg = Debug|Win32
		{E7CB76AA-6113-46BA-8EBC-8AE1D2B81210}.Debug|Win32.Build.0 = Debug|Win32
		{E7CB76AA-6113-46BA-8EBC-8AE1D2B81210}.Debug|x64.ActiveCfg = Debug|x64
		{E7CB76AA-6113-46BA-8EBC-8AE1D2B81210}.Debug|x64.Build.0 = Debug|x64
		{E7CB76AA-6113-46BA-8EBC-8AE1D2B81210}.DebugUnicode|Win32.ActiveCfg = Debug|x64
		{E7CB76AA-6113-46BA-8EBC-8AE1D2B81210}.DebugUnicode|x64.ActiveCfg = Debug|x64
		{E7CB76AA-6113-46BA-8EBC-8AE1D2B81210}.DebugUnicode|x64.Build.0 = Debug|x64
		{E7CB76AA-6113-46BA-8EBC-8AE1D2B81210}.Hybrid|Win32.ActiveCfg = Hybrid|Win32
		{E7CB76AA-6113-46BA-8EBC-8AE1D2B81210}.Hybrid|Win32.Build.0 = Hybrid|Win32
		{E7CB76AA-6113-46BA-8EBC-8AE1D2B81210}.Hybrid|x64.ActiveCfg = Hybrid|x64
		{E7CB76AA-6113-46BA-8EBC-8AE1D2B81210}.Hybrid|x64.Build.0 = Hybrid|x64
		{E7CB76AA-6113-46BA-8EBC-8AE1D2B81210}.HybridUnicode|Win32.ActiveCfg = Hybrid|x64
		{E7CB76AA-6113-46BA-8EBC-8AE1D2B81210}.HybridUnicode|x64.ActiveCfg = Hybrid|x64
		{E7CB76AA-6113-46BA-8EBC-8AE1D2B81210}.HybridUnicode|x64.Build.0 = Hybrid|x64
		{E7CB76AA-6113-46BA-8EBC-8AE1D2B81210}.Release|Win32.ActiveCfg = Release|Win32
		{E7CB76AA-6113-46BA-8EBC-8AE1D2B81210}.Release|Win32.Build.0 = Release|Win32
		{E7CB76AA-6113-46BA-8EBC-8AE1D2B81210}.Release|x64.ActiveCfg = Release|x64
		{E7CB76AA-6113-46BA-8EBC-8AE1D2B81210}.Release|x64.Build.0 = Release|x64
		{E7CB76AA-6113-46BA-8EBC-8AE1D2B81210}.ReleaseUnicode|Win32.ActiveCfg = Release|x64
		{E7CB76AA-6113-46BA-8EBC-8AE1D2B81210}.ReleaseUnicode|x64.ActiveCfg = Release|x64
		{E7CB76AA-6113-46BA-8EBC-8AE1D2B81210}.ReleaseUnicode|x64.Build.0 = Release|x64
		{7AD9EFD2-1500-4EA9-AB64-4B068AD287B9}.Debug|Win32.ActiveCfg = Debug|Win32
		{7AD9EFD2-1500-4EA9-AB64-4B068AD287B9}.Debug|Win32.Build.0 = Debug|Win32
		{7AD9EFD2-1500-4EA9-AB64-4B068AD287B9}.Debug|x64.ActiveCfg = Debug|x64
		{7AD9EFD2-1500-4EA9-AB64-4B068AD287B9}.Debug|x64.Build.0 = Debug|x64
		{7AD9EFD2-1500-4EA9-AB64-4B068AD287B9}.DebugUnicode|Win32.ActiveCfg = DebugUnicode|Win32
		{7AD9EFD2-1500-4EA9-AB64-4B068AD287B9}.DebugUnicode|Win32.Build.0 = DebugUnicode|Win32
		{7AD9EFD2-1500-4EA9-AB64-4B068AD287B9}.DebugUnicode|x64.ActiveCfg = DebugUnicode|x64
		{7AD9EFD2-1500-4EA9-AB64-4B068AD287B9}.DebugUnicode|x64.Build.0 = DebugUnicode|x64
		{7AD9EFD2-1500-4EA9-AB64-4B068AD287B9}.Hybrid|Win32.ActiveCfg = Hybrid|Win32
		{7AD9EFD2-1500-4EA9-AB64-4B068AD287B9}.Hybrid|Win32.Build.0 = Hybrid|Win32
		{7AD9EFD2-1500-4EA9-AB64-4B068AD287B9}.Hybrid|x64.ActiveCfg = Hybrid|x64
		{7AD9EFD2-1500-4EA9-AB64-4B068AD287B9}.Hybrid|x64.Build.0 = Hybrid|x64
		{7AD9EFD2-1500-4EA9-AB64-4B068AD287B9}.HybridUnicode|Win32.ActiveCfg = HybridUnicode|Win32
		{7AD9EFD2-1500-4EA9-AB64-4B068AD287B9}.HybridUnicode|Win32.Build.0 = HybridUnicode|Win32
		{7AD9EFD2-1500-4EA9-AB64-4B068AD287B9}.HybridUnicode|x64.ActiveCfg = HybridUnicode|x64
		{7AD9EFD2-1500-4EA9-AB64-4B068AD287B9}.HybridUnicode|x64.Build.0 = HybridUnicode|x64
		{7AD9EFD2-1500-4EA9-AB64-4B068AD287B9}.Release|Win32.ActiveCfg = Release|Win32
		{7AD9EFD2-1500-4EA9-AB64-4B068AD287B9}.Release|Win32.Build.0 = Release|Win32
		{7AD9EFD2-1500-4EA9-AB64-4B068AD287B9}.Release|x64.ActiveCfg = Release|x64
		{7AD9EFD2-1500-4EA9-AB64-4B068AD287B9}.Release|x64.Build.0 = Release|x64
		{7AD9EFD2-1500-4EA9-AB64-4B068AD287B9}.ReleaseUnicode|Win32.ActiveCfg = ReleaseUnicode|Win32
		{7AD9EFD2-1500-4EA9-AB64-4B068AD287B9}.ReleaseUnicode|Win32.Build.0 = ReleaseUnicode|Win32
		{7AD9EFD2-1500-4EA9-AB64-4B068AD287B9}.ReleaseUnicode|x64.ActiveCfg = ReleaseUnicode|x64
		{7AD9EFD2-1500-4EA9-AB64-4B068AD287B9}.ReleaseUnicode|x64.Build.0 = ReleaseUnicode|x64
	EndGlobalSection
	GlobalSection(SolutionProperties) = preSolution
		HideSolutionNode = FALSE
	EndGlobalSection
EndGlobal
